{
  "nodes": {
    "agenix": {
      "inputs": {
        "darwin": "darwin",
        "home-manager": ["home-manager"],
        "nixpkgs": ["nixpkgs"],
        "systems": ["systems"]
      },
      "locked": {
        "lastModified": 1723293904,
        "narHash": "sha256-b+uqzj+Wa6xgMS9aNbX4I+sXeb5biPDi39VgvSFqFvU=",
        "owner": "ryantm",
        "repo": "agenix",
        "rev": "f6291c5935fdc4e0bef208cfc0dcab7e3f7a1c41",
        "type": "github"
      },
      "original": {
        "owner": "ryantm",
        "repo": "agenix",
        "type": "github"
      }
    },
    "base16": {
      "inputs": {
        "fromYaml": "fromYaml"
      },
      "locked": {
        "lastModified": 1708890466,
        "narHash": "sha256-LlrC09LoPi8OPYOGPXegD72v+//VapgAqhbOFS3i8sc=",
        "owner": "SenchoPens",
        "repo": "base16.nix",
        "rev": "665b3c6748534eb766c777298721cece9453fdae",
        "type": "github"
      },
      "original": {
        "owner": "SenchoPens",
        "repo": "base16.nix",
        "type": "github"
      }
    },
    "base16-fish": {
      "flake": false,
      "locked": {
        "lastModified": 1622559957,
        "narHash": "sha256-PebymhVYbL8trDVVXxCvZgc0S5VxI7I1Hv4RMSquTpA=",
        "owner": "tomyun",
        "repo": "base16-fish",
        "rev": "2f6dd973a9075dabccd26f1cded09508180bf5fe",
        "type": "github"
      },
      "original": {
        "owner": "tomyun",
        "repo": "base16-fish",
        "type": "github"
      }
    },
    "base16-helix": {
      "flake": false,
      "locked": {
        "lastModified": 1725860795,
        "narHash": "sha256-Z2o8VBPW3I+KKTSfe25kskz0EUj7MpUh8u355Z1nVsU=",
        "owner": "tinted-theming",
        "repo": "base16-helix",
        "rev": "7f795bf75d38e0eea9fed287264067ca187b88a9",
        "type": "github"
      },
      "original": {
        "owner": "tinted-theming",
        "repo": "base16-helix",
        "type": "github"
      }
    },
    "base16-vim": {
      "flake": false,
      "locked": {
        "lastModified": 1716150083,
        "narHash": "sha256-ZMhnNmw34ogE5rJZrjRv5MtG3WaqKd60ds2VXvT6hEc=",
        "owner": "tinted-theming",
        "repo": "base16-vim",
        "rev": "6e955d704d046b0dc3e5c2d68a2a6eeffd2b5d3d",
        "type": "github"
      },
      "original": {
        "owner": "tinted-theming",
        "repo": "base16-vim",
        "type": "github"
      }
    },
    "bats-assert": {
      "flake": false,
      "locked": {
        "lastModified": 1636059754,
        "narHash": "sha256-ewME0l27ZqfmAwJO4h5biTALc9bDLv7Bl3ftBzBuZwk=",
        "owner": "bats-core",
        "repo": "bats-assert",
        "rev": "34551b1d7f8c7b677c1a66fc0ac140d6223409e5",
        "type": "github"
      },
      "original": {
        "owner": "bats-core",
        "repo": "bats-assert",
        "type": "github"
      }
    },
    "bats-support": {
      "flake": false,
      "locked": {
        "lastModified": 1548869839,
        "narHash": "sha256-Gr4ntadr42F2Ks8Pte2D4wNDbijhujuoJi4OPZnTAZU=",
        "owner": "bats-core",
        "repo": "bats-support",
        "rev": "d140a65044b2d6810381935ae7f0c94c7023c8c3",
        "type": "github"
      },
      "original": {
        "owner": "bats-core",
        "repo": "bats-support",
        "type": "github"
      }
    },
    "bleeding-edge": {
      "locked": {
        "lastModified": 1727909070,
        "narHash": "sha256-Rbpd5w1rYli5eSjedKaGRDkcIsIInhuqBYniuhJGQ40=",
        "owner": "nixos",
        "repo": "nixpkgs",
        "rev": "3569a56280e8afba7c10f9171dac71ff882ff1c1",
        "type": "github"
      },
      "original": {
        "owner": "nixos",
        "repo": "nixpkgs",
        "type": "github"
      }
    },
    "crane": {
      "locked": {
        "lastModified": 1727316705,
        "narHash": "sha256-/mumx8AQ5xFuCJqxCIOFCHTVlxHkMT21idpbgbm/TIE=",
        "owner": "ipetkov",
        "repo": "crane",
        "rev": "5b03654ce046b5167e7b0bccbd8244cb56c16f0e",
        "type": "github"
      },
      "original": {
        "owner": "ipetkov",
        "repo": "crane",
        "type": "github"
      }
    },
    "darwin": {
      "inputs": {
        "nixpkgs": ["agenix", "nixpkgs"]
      },
      "locked": {
        "lastModified": 1700795494,
        "narHash": "sha256-gzGLZSiOhf155FW7262kdHo2YDeugp3VuIFb4/GGng0=",
        "owner": "lnl7",
        "repo": "nix-darwin",
        "rev": "4b9b83d5a92e8c1fbfd8eb27eda375908c11ec4d",
        "type": "github"
      },
      "original": {
        "owner": "lnl7",
        "ref": "master",
        "repo": "nix-darwin",
        "type": "github"
      }
    },
    "devshell": {
      "inputs": {
        "nixpkgs": ["nixpkgs"]
      },
      "locked": {
        "lastModified": 1722113426,
        "narHash": "sha256-Yo/3loq572A8Su6aY5GP56knpuKYRvM2a1meP9oJZCw=",
        "owner": "numtide",
        "repo": "devshell",
        "rev": "67cce7359e4cd3c45296fb4aaf6a19e2a9c757ae",
        "type": "github"
      },
      "original": {
        "owner": "numtide",
        "repo": "devshell",
        "type": "github"
      }
    },
    "disko": {
      "inputs": {
        "nixpkgs": ["nixpkgs"]
      },
      "locked": {
        "lastModified": 1727872461,
        "narHash": "sha256-4Pw3fVhN6xey5+2gUBm9nQJAjBqivffr+a5ZsXYjzJ8=",
        "owner": "nix-community",
        "repo": "disko",
        "rev": "568727a884ae7cd9f266bd19aea655def8cafd78",
        "type": "github"
      },
      "original": {
        "owner": "nix-community",
        "repo": "disko",
        "type": "github"
      }
    },
    "firefox-darwin": {
      "inputs": {
        "nixpkgs": ["nixpkgs"]
      },
      "locked": {
        "lastModified": 1727830562,
        "narHash": "sha256-Pqh/Y1qPzTyJPGniSU2E5nAqNMIU5ijOgLUqQZX4ono=",
        "owner": "bandithedoge",
        "repo": "nixpkgs-firefox-darwin",
        "rev": "554716216b8d33c6192939d01ee1f43bed49f584",
        "type": "github"
      },
      "original": {
        "owner": "bandithedoge",
        "repo": "nixpkgs-firefox-darwin",
        "type": "github"
      }
    },
    "flake-compat": {
      "flake": false,
      "locked": {
        "lastModified": 1696426674,
        "narHash": "sha256-kvjfFW7WAETZlt09AgDn1MrtKzP7t90Vf7vypd3OL1U=",
        "owner": "edolstra",
        "repo": "flake-compat",
        "rev": "0f9255e01c2351cc7d116c072cb317785dd33b33",
        "type": "github"
      },
      "original": {
        "owner": "edolstra",
        "repo": "flake-compat",
        "type": "github"
      }
    },
    "flake-parts": {
      "inputs": {
        "nixpkgs-lib": "nixpkgs-lib"
      },
      "locked": {
        "lastModified": 1727826117,
        "narHash": "sha256-K5ZLCyfO/Zj9mPFldf3iwS6oZStJcU4tSpiXTMYaaL0=",
        "owner": "hercules-ci",
        "repo": "flake-parts",
        "rev": "3d04084d54bedc3d6b8b736c70ef449225c361b1",
        "type": "github"
      },
      "original": {
        "owner": "hercules-ci",
        "repo": "flake-parts",
        "type": "github"
      }
    },
    "flake-root": {
      "locked": {
        "lastModified": 1723604017,
        "narHash": "sha256-rBtQ8gg+Dn4Sx/s+pvjdq3CB2wQNzx9XGFq/JVGCB6k=",
        "owner": "srid",
        "repo": "flake-root",
        "rev": "b759a56851e10cb13f6b8e5698af7b59c44be26e",
        "type": "github"
      },
      "original": {
        "owner": "srid",
        "repo": "flake-root",
        "type": "github"
      }
    },
    "flake-schemas": {
      "locked": {
        "lastModified": 1721999734,
        "narHash": "sha256-G5CxYeJVm4lcEtaO87LKzOsVnWeTcHGKbKxNamNWgOw=",
        "owner": "DeterminateSystems",
        "repo": "flake-schemas",
        "rev": "0a5c42297d870156d9c57d8f99e476b738dcd982",
        "type": "github"
      },
      "original": {
        "owner": "DeterminateSystems",
        "repo": "flake-schemas",
        "type": "github"
      }
    },
    "flake-utils": {
      "inputs": {
        "systems": ["systems"]
      },
      "locked": {
        "lastModified": 1726560853,
        "narHash": "sha256-X6rJYSESBVr3hBoH0WbKE5KvhPU5bloyZ2L4K60/fPQ=",
        "owner": "numtide",
        "repo": "flake-utils",
        "rev": "c1dfcf08411b08f6b8615f7d8971a2bfa81d5e8a",
        "type": "github"
      },
      "original": {
        "owner": "numtide",
        "repo": "flake-utils",
        "type": "github"
      }
    },
    "flakey-profile": {
      "locked": {
        "lastModified": 1712898590,
        "narHash": "sha256-FhGIEU93VHAChKEXx905TSiPZKga69bWl1VB37FK//I=",
        "owner": "lf-",
        "repo": "flakey-profile",
        "rev": "243c903fd8eadc0f63d205665a92d4df91d42d9d",
        "type": "github"
      },
      "original": {
        "owner": "lf-",
        "repo": "flakey-profile",
        "type": "github"
      }
    },
    "fromYaml": {
      "flake": false,
      "locked": {
        "lastModified": 1689549921,
        "narHash": "sha256-iX0pk/uB019TdBGlaJEWvBCfydT6sRq+eDcGPifVsCM=",
        "owner": "SenchoPens",
        "repo": "fromYaml",
        "rev": "11fbbbfb32e3289d3c631e0134a23854e7865c84",
        "type": "github"
      },
      "original": {
        "owner": "SenchoPens",
        "repo": "fromYaml",
        "type": "github"
      }
    },
    "git-hooks": {
      "inputs": {
        "flake-compat": ["flake-compat"],
        "gitignore": ["gitignore"],
        "nixpkgs": ["nixpkgs"],
        "nixpkgs-stable": ["stable"]
      },
      "locked": {
        "lastModified": 1727854478,
        "narHash": "sha256-/odH2nUMAwkMgOS2nG2z0exLQNJS4S2LfMW0teqU7co=",
        "owner": "cachix",
        "repo": "git-hooks.nix",
        "rev": "5f58871c9657b5fc0a7f65670fe2ba99c26c1d79",
        "type": "github"
      },
      "original": {
        "owner": "cachix",
        "repo": "git-hooks.nix",
        "type": "github"
      }
    },
    "gitignore": {
      "inputs": {
        "nixpkgs": ["nixpkgs"]
      },
      "locked": {
        "lastModified": 1709087332,
        "narHash": "sha256-HG2cCnktfHsKV0s4XW83gU3F57gaTljL9KNSuG6bnQs=",
        "owner": "hercules-ci",
        "repo": "gitignore.nix",
        "rev": "637db329424fd7e46cf4185293b9cc8c88c95394",
        "type": "github"
      },
      "original": {
        "owner": "hercules-ci",
        "repo": "gitignore.nix",
        "type": "github"
      }
    },
    "gnome-shell": {
      "flake": false,
      "locked": {
        "lastModified": 1713702291,
        "narHash": "sha256-zYP1ehjtcV8fo+c+JFfkAqktZ384Y+y779fzmR9lQAU=",
        "owner": "GNOME",
        "repo": "gnome-shell",
        "rev": "0d0aadf013f78a7f7f1dc984d0d812971864b934",
        "type": "github"
      },
      "original": {
        "owner": "GNOME",
        "ref": "46.1",
        "repo": "gnome-shell",
        "type": "github"
      }
    },
    "home-manager": {
      "inputs": {
        "nixpkgs": ["nixpkgs"]
      },
      "locked": {
        "lastModified": 1727817100,
        "narHash": "sha256-dlyV9/eiWkm/Y/t2+k4CFZ29tBvCANmJogEYaHeAOTw=",
        "owner": "nix-community",
        "repo": "home-manager",
        "rev": "437ec62009fa8ceb684eb447d455ffba25911cf9",
        "type": "github"
      },
      "original": {
        "owner": "nix-community",
        "repo": "home-manager",
        "type": "github"
      }
    },
    "hydra-badge-api": {
      "inputs": {
        "devshell": ["devshell"],
        "flake-utils": ["flake-utils"],
        "git-hooks": ["git-hooks"],
        "nixpkgs": ["nixpkgs"]
      },
      "locked": {
        "lastModified": 1727871371,
        "narHash": "sha256-ZEAjfGLB+eNETrq6oJ+Yvuw4/ndri5bmDaJ1iwwXByc=",
        "owner": "JayRovacsek",
        "repo": "hydra-badge-api",
        "rev": "5a576ca842991f968c009d2b34199e8b57f057f2",
        "type": "github"
      },
      "original": {
        "owner": "JayRovacsek",
        "repo": "hydra-badge-api",
        "type": "github"
      }
    },
    "impermanence": {
      "locked": {
        "lastModified": 1727649413,
        "narHash": "sha256-FA53of86DjFdeQzRDVtvgWF9o52rWK70VHGx0Y8fElQ=",
        "owner": "nix-community",
        "repo": "impermanence",
        "rev": "d0b38e550039a72aff896ee65b0918e975e6d48e",
        "type": "github"
      },
      "original": {
        "owner": "nix-community",
        "repo": "impermanence",
        "type": "github"
      }
    },
    "ironbar": {
      "inputs": {
        "crane": "crane",
        "naersk": ["naersk"],
        "nixpkgs": ["nixpkgs"],
        "rust-overlay": ["rust-overlay"]
      },
      "locked": {
        "lastModified": 1727770824,
        "narHash": "sha256-yoH573fanJFdskKPEr0kmyTbHnk5mjlIukbAFZfWqOQ=",
        "owner": "JakeStanger",
        "repo": "ironbar",
        "rev": "83c4f77bbd0dc7b96f4fadab1b8dc91d45077480",
        "type": "github"
      },
      "original": {
        "owner": "JakeStanger",
        "repo": "ironbar",
        "type": "github"
      }
    },
    "lib-aggregate": {
      "inputs": {
        "flake-utils": ["flake-utils"],
        "nixpkgs-lib": ["nixpkgs"]
      },
      "locked": {
        "lastModified": 1727710043,
        "narHash": "sha256-NpTnTg8oOVvntlTi/t8BUe5msrMmkiZFiOW22fc7B+g=",
        "owner": "nix-community",
        "repo": "lib-aggregate",
        "rev": "d03a5f88a345d26ca13918071d42dcc960233183",
        "type": "github"
      },
      "original": {
        "owner": "nix-community",
        "repo": "lib-aggregate",
        "type": "github"
      }
    },
    "lix": {
      "inputs": {
        "flake-compat": ["flake-compat"],
        "nix2container": "nix2container",
        "nixpkgs": ["nixpkgs"],
        "nixpkgs-regression": "nixpkgs-regression",
        "pre-commit-hooks": ["git-hooks"]
      },
      "locked": {
        "lastModified": 1723503926,
        "narHash": "sha256-Rosl9iA9MybF5Bud4BTAQ9adbY81aGmPfV8dDBGl34s=",
        "ref": "refs/tags/2.91.0",
        "rev": "bcaeb6388b8916ac6d1736e3aa2b13313e6a6bd2",
        "revCount": 16130,
        "type": "git",
        "url": "https://git.lix.systems/lix-project/lix"
      },
      "original": {
        "ref": "refs/tags/2.91.0",
        "type": "git",
        "url": "https://git.lix.systems/lix-project/lix"
      }
    },
    "lix-module": {
      "inputs": {
        "flake-utils": ["flake-utils"],
        "flakey-profile": "flakey-profile",
        "lix": ["lix"],
        "nixpkgs": ["nixpkgs"]
      },
      "locked": {
        "lastModified": 1723510904,
        "narHash": "sha256-zNW/rqNJwhq2lYmQf19wJerRuNimjhxHKmzrWWFJYts=",
        "ref": "refs/tags/2.91.0",
        "rev": "622a2253a071a1fb97a4d3c8103a91114acc1140",
        "revCount": 104,
        "type": "git",
        "url": "https://git.lix.systems/lix-project/nixos-module"
      },
      "original": {
        "ref": "refs/tags/2.91.0",
        "type": "git",
        "url": "https://git.lix.systems/lix-project/nixos-module"
      }
    },
    "microvm": {
      "inputs": {
        "flake-utils": ["flake-utils"],
        "nixpkgs": ["nixpkgs"],
        "spectrum": "spectrum"
      },
      "locked": {
        "lastModified": 1727872811,
        "narHash": "sha256-78hOotCZ/G8l4nyWPdMWSOojdJ5NwHTR0usBVVBNTtU=",
        "owner": "astro",
        "repo": "microvm.nix",
        "rev": "e832ffc16b09b1b5c7c1224532d03ed3ce68afd0",
        "type": "github"
      },
      "original": {
        "owner": "astro",
        "repo": "microvm.nix",
        "type": "github"
      }
    },
    "naersk": {
      "inputs": {
        "nixpkgs": ["nixpkgs"]
      },
      "locked": {
        "lastModified": 1721727458,
        "narHash": "sha256-r/xppY958gmZ4oTfLiHN0ZGuQ+RSTijDblVgVLFi1mw=",
        "owner": "nix-community",
        "repo": "naersk",
        "rev": "3fb418eaf352498f6b6c30592e3beb63df42ef11",
        "type": "github"
      },
      "original": {
        "owner": "nix-community",
        "repo": "naersk",
        "type": "github"
      }
    },
    "nix-darwin": {
      "inputs": {
        "nixpkgs": ["nixpkgs"]
      },
      "locked": {
        "lastModified": 1727707210,
        "narHash": "sha256-8XZp5XO2FC6INZEZ2WlwErtvFVpl45ACn8CJ2hfTA0Y=",
        "owner": "lnl7",
        "repo": "nix-darwin",
        "rev": "f61d5f2051a387a15817007220e9fb3bbead57b3",
        "type": "github"
      },
      "original": {
        "owner": "lnl7",
        "ref": "master",
        "repo": "nix-darwin",
        "type": "github"
      }
    },
    "nix-eval-jobs": {
      "inputs": {
        "flake-parts": ["flake-parts"],
        "nix-github-actions": ["nix-github-actions"],
        "nixpkgs": ["nixpkgs"],
        "treefmt-nix": ["treefmt-nix"]
      },
      "locked": {
        "lastModified": 1727739181,
        "narHash": "sha256-eAj9tUieMA3L6MSd52jyrBfygAgxmADdr4fq3IhnTLo=",
        "owner": "nix-community",
        "repo": "nix-eval-jobs",
        "rev": "b07a613e07beb57cc06c86d313e6761bc255f38c",
        "type": "github"
      },
      "original": {
        "owner": "nix-community",
        "repo": "nix-eval-jobs",
        "type": "github"
      }
    },
    "nix-github-actions": {
      "inputs": {
        "nixpkgs": ["nixpkgs"]
      },
      "locked": {
        "lastModified": 1720066371,
        "narHash": "sha256-uPlLYH2S0ACj0IcgaK9Lsf4spmJoGejR9DotXiXSBZQ=",
        "owner": "nix-community",
        "repo": "nix-github-actions",
        "rev": "622f829f5fe69310a866c8a6cd07e747c44ef820",
        "type": "github"
      },
      "original": {
        "owner": "nix-community",
        "repo": "nix-github-actions",
        "type": "github"
      }
    },
    "nix-monitored": {
      "inputs": {
        "nixpkgs": ["nixpkgs"]
      },
      "locked": {
        "lastModified": 1715016928,
        "narHash": "sha256-JZx+enK1RlsMSJGmX/KTpADtxrCPDztQRKpO22LKZZM=",
        "owner": "ners",
        "repo": "nix-monitored",
        "rev": "776e497a13b8b403065d59c45a3fdc07b76a0db1",
        "type": "github"
      },
      "original": {
        "owner": "ners",
        "repo": "nix-monitored",
        "type": "github"
      }
    },
    "nix-topology": {
      "inputs": {
        "devshell": ["devshell"],
        "flake-utils": ["flake-utils"],
        "nixpkgs": ["nixpkgs"],
        "pre-commit-hooks": ["git-hooks"]
      },
      "locked": {
        "lastModified": 1725483443,
        "narHash": "sha256-WzOlGMKV/51Fccn/OMHcm5yrqgbOJZrJIy1ya4pW0u8=",
        "owner": "oddlama",
        "repo": "nix-topology",
        "rev": "8738d94670265beb166954c4e3a26e432f79f68c",
        "type": "github"
      },
      "original": {
        "owner": "oddlama",
        "repo": "nix-topology",
        "type": "github"
      }
    },
    "nix2container": {
      "flake": false,
      "locked": {
        "lastModified": 1720642556,
        "narHash": "sha256-qsnqk13UmREKmRT7c8hEnz26X3GFFyIQrqx4EaRc1Is=",
        "owner": "nlewo",
        "repo": "nix2container",
        "rev": "3853e5caf9ad24103b13aa6e0e8bcebb47649fe4",
        "type": "github"
      },
      "original": {
        "owner": "nlewo",
        "repo": "nix2container",
        "type": "github"
      }
    },
    "nixlib": {
      "locked": {
        "lastModified": 1727571693,
        "narHash": "sha256-b7sFVeqMtz8xntCL3tBY3O8suTg5PeF53LTL3eCcKyc=",
        "owner": "nix-community",
        "repo": "nixpkgs.lib",
        "rev": "bb58a3bf239e03fca9d51062e2fe028a4ea5a3d1",
        "type": "github"
      },
      "original": {
        "owner": "nix-community",
        "repo": "nixpkgs.lib",
        "type": "github"
      }
    },
    "nixos-generators": {
      "inputs": {
        "nixlib": "nixlib",
        "nixpkgs": ["nixpkgs"]
      },
      "locked": {
        "lastModified": 1727702862,
        "narHash": "sha256-4ai7yRN8b2i43gNTAXfAuOw/uIzGqMLON1IXtIRrwOM=",
        "owner": "nix-community",
        "repo": "nixos-generators",
        "rev": "f7eb021d9dfd61f0e0075e483f3579c6f8453bb3",
        "type": "github"
      },
      "original": {
        "owner": "nix-community",
        "repo": "nixos-generators",
        "type": "github"
      }
    },
    "nixos-hardware": {
      "locked": {
        "lastModified": 1727665282,
        "narHash": "sha256-oKtfbQB1MBypqIyzkC8QCQcVGOa1soaXaGgcBIoh14o=",
        "owner": "NixOS",
        "repo": "nixos-hardware",
        "rev": "11c43c830e533dad1be527ecce379fcf994fbbb5",
        "type": "github"
      },
      "original": {
        "owner": "NixOS",
        "ref": "master",
        "repo": "nixos-hardware",
        "type": "github"
      }
    },
    "nixos-wsl": {
      "inputs": {
        "flake-compat": ["flake-compat"],
        "flake-utils": ["flake-utils"],
        "nixpkgs": ["nixpkgs"]
      },
      "locked": {
        "lastModified": 1670775588,
        "narHash": "sha256-TCfA98qfZhBj0SN9RN23l/tuz82KwGHH7r2axkjQZig=",
        "owner": "nix-community",
        "repo": "NixOS-WSL",
        "rev": "3721fe7c056e18c4ded6c405dbee719692a4528a",
        "type": "github"
      },
      "original": {
        "owner": "nix-community",
        "repo": "NixOS-WSL",
        "rev": "3721fe7c056e18c4ded6c405dbee719692a4528a",
        "type": "github"
      }
    },
    "nixpkgs": {
      "locked": {
        "lastModified": 1727811607,
        "narHash": "sha256-2ByOBflaIUJKeF9q6efVcYHljZXGZ7MnCWtseRvmpm8=",
        "owner": "nixos",
        "repo": "nixpkgs",
        "rev": "1839883cd0068572aed75fb9442b508bbd9ef09c",
        "type": "github"
      },
      "original": {
        "owner": "nixos",
        "ref": "nixpkgs-unstable",
        "repo": "nixpkgs",
        "type": "github"
      }
    },
    "nixpkgs-lib": {
      "locked": {
        "lastModified": 1727825735,
        "narHash": "sha256-0xHYkMkeLVQAMa7gvkddbPqpxph+hDzdu1XdGPJR+Os=",
        "type": "tarball",
        "url": "https://github.com/NixOS/nixpkgs/archive/fb192fec7cc7a4c26d51779e9bab07ce6fa5597a.tar.gz"
      },
      "original": {
        "type": "tarball",
        "url": "https://github.com/NixOS/nixpkgs/archive/fb192fec7cc7a4c26d51779e9bab07ce6fa5597a.tar.gz"
      }
    },
    "nixpkgs-regression": {
      "locked": {
        "lastModified": 1643052045,
        "narHash": "sha256-uGJ0VXIhWKGXxkeNnq4TvV3CIOkUJ3PAoLZ3HMzNVMw=",
        "owner": "NixOS",
        "repo": "nixpkgs",
        "rev": "215d4d0fd80ca5163643b03a33fde804a29cc1e2",
        "type": "github"
      },
      "original": {
        "owner": "NixOS",
        "repo": "nixpkgs",
        "rev": "215d4d0fd80ca5163643b03a33fde804a29cc1e2",
        "type": "github"
      }
    },
    "nixpkgs-wayland": {
      "inputs": {
        "flake-compat": ["flake-compat"],
        "lib-aggregate": ["lib-aggregate"],
        "nix-eval-jobs": ["nix-eval-jobs"],
        "nixpkgs": ["nixpkgs"]
      },
      "locked": {
        "lastModified": 1727812556,
        "narHash": "sha256-U9cEs2W0eLvIS0kEMBGP8eZMdrpoHqynByth/mu2Nvc=",
        "owner": "nix-community",
        "repo": "nixpkgs-wayland",
        "rev": "a40e6b047b6166aed5fab801e99a8d6b980d4680",
        "type": "github"
      },
      "original": {
        "owner": "nix-community",
        "repo": "nixpkgs-wayland",
        "type": "github"
      }
    },
    "nixvim": {
      "inputs": {
        "devshell": ["devshell"],
        "flake-compat": ["flake-compat"],
        "flake-parts": ["flake-parts"],
        "git-hooks": ["git-hooks"],
        "home-manager": ["home-manager"],
        "nix-darwin": ["nix-darwin"],
        "nixpkgs": ["nixpkgs"],
        "nuschtosSearch": ["nuschtosSearch"],
        "treefmt-nix": ["treefmt-nix"]
      },
      "locked": {
        "lastModified": 1727871072,
        "narHash": "sha256-t+YLQwBB1soQnVjT6d7nQq4Tidaw7tpB8i6Zvpc+Zbs=",
        "owner": "nix-community",
        "repo": "nixvim",
        "rev": "0ca98d02104f7f0a703787a7a080a570b7f1bedd",
        "type": "github"
      },
      "original": {
        "owner": "nix-community",
        "repo": "nixvim",
        "type": "github"
      }
    },
    "nur": {
      "locked": {
        "lastModified": 1727908773,
        "narHash": "sha256-HooWlKtBqLXFmtjYECCmybm6WAITyjTbE0WFeK0YFS4=",
        "owner": "nix-community",
        "repo": "NUR",
        "rev": "1a6583200877cbbc9b64a5cd2b1fc9b93553ec65",
        "type": "github"
      },
      "original": {
        "owner": "nix-community",
        "repo": "NUR",
        "type": "github"
      }
    },
    "nuschtosSearch": {
      "inputs": {
        "flake-utils": ["flake-utils"],
        "nixpkgs": ["nixpkgs"]
      },
      "locked": {
        "lastModified": 1727599661,
        "narHash": "sha256-0R+1ih0Rfqrz/lcduvpNSnUw3uthUHiaGh0aWPyIqeQ=",
        "owner": "NuschtOS",
        "repo": "search",
        "rev": "c3c3928b8de7d300c34e9d90fdc19febd1a32062",
        "type": "github"
      },
      "original": {
        "owner": "NuschtOS",
        "repo": "search",
        "type": "github"
      }
    },
    "root": {
      "inputs": {
        "agenix": "agenix",
        "bleeding-edge": "bleeding-edge",
        "devshell": "devshell",
        "disko": "disko",
        "firefox-darwin": "firefox-darwin",
        "flake-compat": "flake-compat",
        "flake-parts": "flake-parts",
        "flake-root": "flake-root",
        "flake-schemas": "flake-schemas",
        "flake-utils": "flake-utils",
        "git-hooks": "git-hooks",
        "gitignore": "gitignore",
        "home-manager": "home-manager",
        "hydra-badge-api": "hydra-badge-api",
        "impermanence": "impermanence",
        "ironbar": "ironbar",
        "lib-aggregate": "lib-aggregate",
        "lix": "lix",
        "lix-module": "lix-module",
        "microvm": "microvm",
        "naersk": "naersk",
        "nix-darwin": "nix-darwin",
        "nix-eval-jobs": "nix-eval-jobs",
        "nix-github-actions": "nix-github-actions",
        "nix-monitored": "nix-monitored",
        "nix-topology": "nix-topology",
        "nixos-generators": "nixos-generators",
        "nixos-hardware": "nixos-hardware",
        "nixos-wsl": "nixos-wsl",
        "nixpkgs": "nixpkgs",
        "nixpkgs-wayland": "nixpkgs-wayland",
        "nixvim": "nixvim",
        "nur": "nur",
        "nuschtosSearch": "nuschtosSearch",
        "rust-overlay": "rust-overlay",
        "sandro-nixos-modules": "sandro-nixos-modules",
        "stable": "stable",
        "stylix": "stylix",
        "systems": "systems",
        "terranix": "terranix",
        "treefmt-nix": "treefmt-nix"
      }
    },
    "rust-overlay": {
      "inputs": {
        "nixpkgs": ["nixpkgs"]
      },
      "locked": {
        "lastModified": 1727836133,
        "narHash": "sha256-JE0zciM5IGWvK8J/pE2VldNBf7oyMH5WrU8tZArefbg=",
        "owner": "oxalica",
        "repo": "rust-overlay",
        "rev": "02321540b0c8000b36889b1b974d1fec585b25a4",
        "type": "github"
      },
      "original": {
        "owner": "oxalica",
        "repo": "rust-overlay",
        "type": "github"
      }
    },
    "sandro-nixos-modules": {
      "inputs": {
        "flake-utils": ["flake-utils"],
        "nixpkgs": ["nixpkgs"],
        "search": "search"
      },
      "locked": {
        "lastModified": 1727853178,
        "narHash": "sha256-7T3y5BwRhEfsmrFm8HuZknqs/ZxLk3ZmoOD8YFKO5aE=",
        "owner": "SuperSandro2000",
        "repo": "nixos-modules",
        "rev": "b1747bbf72f08dae218766cf3ac5852dd15e8ebf",
        "type": "github"
      },
      "original": {
        "owner": "SuperSandro2000",
        "repo": "nixos-modules",
        "type": "github"
      }
    },
    "search": {
      "inputs": {
        "flake-utils": ["sandro-nixos-modules", "flake-utils"],
        "nixpkgs": ["sandro-nixos-modules", "nixpkgs"]
      },
      "locked": {
        "lastModified": 1727452028,
        "narHash": "sha256-ehl/A4HQFRyqj1Fk7cl+dgSf/2Fb1jLwWJtZaMU6RfU=",
        "owner": "nuschtos",
        "repo": "search",
        "rev": "9f7426e532ef8dfc839c4a3fcc567b13a20a70d3",
        "type": "github"
      },
      "original": {
        "owner": "nuschtos",
        "repo": "search",
        "type": "github"
      }
    },
    "spectrum": {
      "flake": false,
      "locked": {
        "lastModified": 1720264467,
        "narHash": "sha256-xzM92n3Q9L90faJIJrkrTtTx+JqCGRHMkHWztkV4PuY=",
        "ref": "refs/heads/main",
        "rev": "fb59d42542049f586c84b0f8bb86ff3be338e9d3",
        "revCount": 674,
        "type": "git",
        "url": "https://spectrum-os.org/git/spectrum"
      },
      "original": {
        "type": "git",
        "url": "https://spectrum-os.org/git/spectrum"
      }
    },
    "stable": {
      "locked": {
        "lastModified": 1727907660,
        "narHash": "sha256-QftbyPoieM5M50WKUMzQmWtBWib/ZJbHo7mhj5riQec=",
        "owner": "nixos",
        "repo": "nixpkgs",
        "rev": "5966581aa04be7eff830b9e1457d56dc70a0b798",
        "type": "github"
      },
      "original": {
        "owner": "nixos",
        "ref": "release-24.05",
        "repo": "nixpkgs",
        "type": "github"
      }
    },
    "stylix": {
      "inputs": {
        "base16": "base16",
        "base16-fish": "base16-fish",
        "base16-helix": "base16-helix",
        "base16-vim": "base16-vim",
        "flake-compat": ["flake-compat"],
        "flake-utils": ["flake-utils"],
        "gnome-shell": "gnome-shell",
        "home-manager": ["home-manager"],
        "nixpkgs": ["nixpkgs"],
        "systems": ["systems"],
        "tinted-foot": "tinted-foot",
        "tinted-kitty": "tinted-kitty",
        "tinted-tmux": "tinted-tmux"
      },
      "locked": {
        "lastModified": 1727723275,
        "narHash": "sha256-k4HrG8TJQ0RqDS1tlDz71kvWFBNQ7qZI9T5Z0qLR85Y=",
        "owner": "danth",
        "repo": "stylix",
        "rev": "e7e97059776da7e34b739415a7bc8f80f606b803",
        "type": "github"
      },
      "original": {
        "owner": "danth",
        "repo": "stylix",
        "type": "github"
      }
    },
    "systems": {
      "locked": {
        "lastModified": 1681028828,
        "narHash": "sha256-Vy1rq5AaRuLzOxct8nz4T6wlgyUR7zLU309k9mBC768=",
        "owner": "nix-systems",
        "repo": "default",
        "rev": "da67096a3b9bf56a91d16901293e51ba5b49a27e",
        "type": "github"
      },
      "original": {
        "owner": "nix-systems",
        "repo": "default",
        "type": "github"
      }
    },
    "terranix": {
      "inputs": {
        "bats-assert": "bats-assert",
        "bats-support": "bats-support",
        "flake-utils": ["flake-utils"],
        "nixpkgs": ["nixpkgs"],
        "terranix-examples": "terranix-examples"
      },
      "locked": {
        "lastModified": 1695406838,
        "narHash": "sha256-xiUfVD6rtsVWFotVtUW3Q1nQh4obKzgvpN1wqZuGXvM=",
        "owner": "terranix",
        "repo": "terranix",
        "rev": "fc9077ca02ab5681935dbf0ecd725c4d889b9275",
        "type": "github"
      },
      "original": {
        "owner": "terranix",
        "repo": "terranix",
        "type": "github"
      }
    },
    "terranix-examples": {
      "locked": {
        "lastModified": 1636300201,
        "narHash": "sha256-0n1je1WpiR6XfCsvi8ZK7GrpEnMl+DpwhWaO1949Vbc=",
        "owner": "terranix",
        "repo": "terranix-examples",
        "rev": "a934aa1cf88f6bd6c6ddb4c77b77ec6e1660bd5e",
        "type": "github"
      },
      "original": {
        "owner": "terranix",
        "repo": "terranix-examples",
        "type": "github"
      }
    },
    "tinted-foot": {
      "flake": false,
      "locked": {
        "lastModified": 1696725948,
        "narHash": "sha256-65bz2bUL/yzZ1c8/GQASnoiGwaF8DczlxJtzik1c0AU=",
        "owner": "tinted-theming",
        "repo": "tinted-foot",
        "rev": "eedbcfa30de0a4baa03e99f5e3ceb5535c2755ce",
        "type": "github"
      },
      "original": {
        "owner": "tinted-theming",
        "repo": "tinted-foot",
        "type": "github"
      }
    },
    "tinted-kitty": {
      "flake": false,
      "locked": {
        "lastModified": 1665001328,
        "narHash": "sha256-aRaizTYPpuWEcvoYE9U+YRX+Wsc8+iG0guQJbvxEdJY=",
        "owner": "tinted-theming",
        "repo": "tinted-kitty",
        "rev": "06bb401fa9a0ffb84365905ffbb959ae5bf40805",
        "type": "github"
      },
      "original": {
        "owner": "tinted-theming",
        "repo": "tinted-kitty",
        "type": "github"
      }
    },
    "tinted-tmux": {
      "flake": false,
      "locked": {
        "lastModified": 1696725902,
        "narHash": "sha256-wDPg5elZPcQpu7Df0lI5O8Jv4A3T6jUQIVg63KDU+3Q=",
        "owner": "tinted-theming",
        "repo": "tinted-tmux",
        "rev": "c02050bebb60dbb20cb433cd4d8ce668ecc11ba7",
        "type": "github"
      },
      "original": {
        "owner": "tinted-theming",
        "repo": "tinted-tmux",
        "type": "github"
      }
    },
    "treefmt-nix": {
      "inputs": {
        "nixpkgs": ["nixpkgs"]
      },
      "locked": {
        "lastModified": 1727431250,
        "narHash": "sha256-uGRlRT47ecicF9iLD1G3g43jn2e+b5KaMptb59LHnvM=",
        "owner": "numtide",
        "repo": "treefmt-nix",
        "rev": "879b29ae9a0378904fbbefe0dadaed43c8905754",
        "type": "github"
      },
      "original": {
        "owner": "numtide",
        "repo": "treefmt-nix",
        "type": "github"
      }
    }
  },
  "root": "root",
  "version": 7
}
