{
  "nodes": {
    "agenix": {
      "inputs": {
        "nixpkgs": [
          "unstable"
        ]
      },
      "locked": {
        "lastModified": 1652712410,
        "narHash": "sha256-hMJ2TqLt0DleEnQFGUHK9sV2aAzJPU8pZeiZoqRozbE=",
        "owner": "ryantm",
        "repo": "agenix",
        "rev": "7e5e58b98c3dcbf497543ff6f22591552ebfe65b",
        "type": "github"
      },
      "original": {
        "owner": "ryantm",
        "repo": "agenix",
        "type": "github"
      }
    },
    "agenix-darwin": {
      "inputs": {
        "nixpkgs": [
          "unstable"
        ]
      },
      "locked": {
        "lastModified": 1638411360,
        "narHash": "sha256-51qPmgtnsD+Ft92S3wwLt13NLBufvOe3qqvjCE6RAFs=",
        "owner": "cmhamill",
        "repo": "agenix",
        "rev": "86762b6d86c7962cda2542237811140da56c20da",
        "type": "github"
      },
      "original": {
        "owner": "cmhamill",
        "repo": "agenix",
        "type": "github"
      }
    },
    "darwin": {
      "inputs": {
        "nixpkgs": [
          "unstable"
        ]
      },
      "locked": {
        "lastModified": 1657835815,
        "narHash": "sha256-CnZszAYpNKydh6N7+xg+eRtWNVoAAGqc6bg+Lpgq1xc=",
        "owner": "lnl7",
        "repo": "nix-darwin",
        "rev": "54a24f042f93c79f5679f133faddedec61955cf2",
        "type": "github"
      },
      "original": {
        "owner": "lnl7",
        "ref": "master",
        "repo": "nix-darwin",
        "type": "github"
      }
    },
    "firefox-darwin": {
      "inputs": {
        "nixpkgs": "nixpkgs"
      },
      "locked": {
        "lastModified": 1660093252,
        "narHash": "sha256-lP8HYwiXJBBIZwHJEK5FKWWLiI4vfQTMUopvOJ7M/dw=",
        "owner": "bandithedoge",
        "repo": "nixpkgs-firefox-darwin",
        "rev": "7249828a20854b60e456a019eba8e4cd09dc8857",
        "type": "github"
      },
      "original": {
        "owner": "bandithedoge",
        "repo": "nixpkgs-firefox-darwin",
        "type": "github"
      }
    },
    "flake-utils": {
      "locked": {
        "lastModified": 1653893745,
        "narHash": "sha256-0jntwV3Z8//YwuOjzhV2sgJJPt+HY6KhU7VZUL0fKZQ=",
        "owner": "numtide",
        "repo": "flake-utils",
        "rev": "1ed9fb1935d260de5fe1c2f7ee0ebaae17ed2fa1",
        "type": "github"
      },
      "original": {
        "owner": "numtide",
        "repo": "flake-utils",
        "type": "github"
      }
    },
    "home-manager": {
      "inputs": {
        "nixpkgs": [
          "unstable"
        ],
        "utils": "utils"
      },
      "locked": {
        "lastModified": 1659978484,
        "narHash": "sha256-VkErPc8pXcuFQG7jkkaUOEMORe81oweRNlAYZJ2+aRI=",
        "owner": "rycee",
        "repo": "home-manager",
        "rev": "c1addfdad3825f75a66f8d73ec7d2f68c78ba6f8",
        "type": "github"
      },
      "original": {
        "owner": "rycee",
        "ref": "master",
        "repo": "home-manager",
        "type": "github"
      }
    },
    "microvm": {
      "inputs": {
        "flake-utils": "flake-utils",
        "nixpkgs": [
          "unstable"
        ]
      },
      "locked": {
        "lastModified": 1659196193,
        "narHash": "sha256-R7LmNYexghJ79WdFkQnYvRWT2encMxQQw21HoJwG2UQ=",
        "owner": "astro",
        "repo": "microvm.nix",
        "rev": "1f1a004ca878665b4f7a91e138d8604793ef98d2",
        "type": "github"
      },
      "original": {
        "owner": "astro",
        "repo": "microvm.nix",
        "type": "github"
      }
    },
    "nixlib": {
      "locked": {
        "lastModified": 1636849918,
        "narHash": "sha256-nzUK6dPcTmNVrgTAC1EOybSMsrcx+QrVPyqRdyKLkjA=",
        "owner": "nix-community",
        "repo": "nixpkgs.lib",
        "rev": "28a5b0557f14124608db68d3ee1f77e9329e9dd5",
        "type": "github"
      },
      "original": {
        "owner": "nix-community",
        "repo": "nixpkgs.lib",
        "type": "github"
      }
    },
    "nixos-generators": {
      "inputs": {
        "nixlib": "nixlib",
        "nixpkgs": [
          "unstable"
        ]
      },
      "locked": {
        "lastModified": 1657748715,
        "narHash": "sha256-WecDwDY/hEcDQYzFnccCNa+5Umht0lfjx/d1qGDy/rQ=",
        "owner": "nix-community",
        "repo": "nixos-generators",
        "rev": "3323b944d99b026aebfd8de439e001409dde067d",
        "type": "github"
      },
      "original": {
        "owner": "nix-community",
        "repo": "nixos-generators",
        "type": "github"
      }
    },
    "nixos-hardware": {
      "locked": {
        "lastModified": 1660030916,
        "narHash": "sha256-KeVTmST6vAS85uUaSYlzv6OWhveawfIGhqX1SMq+L30=",
        "owner": "NixOS",
        "repo": "nixos-hardware",
        "rev": "3975d5158f00accda15a11180b2c08654cfb2807",
        "type": "github"
      },
      "original": {
        "owner": "NixOS",
        "ref": "master",
        "repo": "nixos-hardware",
        "type": "github"
      }
    },
    "nixpkgs": {
      "locked": {
        "lastModified": 1639237670,
        "narHash": "sha256-RTdL4rEQcgaZGpvtDgkp3oK/V+1LM3I53n0ACPSroAQ=",
        "owner": "NixOS",
        "repo": "nixpkgs",
        "rev": "edfb969386ebe6c3cf8f878775a7975cd88f926d",
        "type": "github"
      },
      "original": {
        "owner": "NixOS",
        "ref": "master",
        "repo": "nixpkgs",
        "type": "github"
      }
    },
    "nixpkgs_2": {
      "locked": {
        "lastModified": 1660017629,
        "narHash": "sha256-Koz6/k7c6hx4qVz/bboxdR2QsBdkxjRWpNmsOWJtXZE=",
        "owner": "NixOS",
        "repo": "nixpkgs",
        "rev": "9f15d6c3a74d2778c6e1af67947c95f100dc6fd2",
        "type": "github"
      },
      "original": {
        "id": "nixpkgs",
        "type": "indirect"
      }
    },
    "nur": {
      "locked": {
        "lastModified": 1660104593,
        "narHash": "sha256-/5LVjx6VBPD9D/ev0B2z9XYHGzoSVCXWVRzqNmJJLfM=",
        "owner": "nix-community",
        "repo": "NUR",
        "rev": "da67a220be10ae26d8cf7dc236046f980a4675a3",
        "type": "github"
      },
      "original": {
        "owner": "nix-community",
        "repo": "NUR",
        "type": "github"
      }
    },
    "root": {
      "inputs": {
        "agenix": "agenix",
        "agenix-darwin": "agenix-darwin",
        "darwin": "darwin",
        "firefox-darwin": "firefox-darwin",
        "home-manager": "home-manager",
        "microvm": "microvm",
        "nixos-generators": "nixos-generators",
        "nixos-hardware": "nixos-hardware",
        "nixpkgs": "nixpkgs_2",
        "nur": "nur",
        "stable": "stable",
        "unstable": "unstable"
      }
    },
    "stable": {
      "locked": {
        "lastModified": 1660033036,
        "narHash": "sha256-GjwzXmdN5SVTT0RIZ11uDTQxaHLTLt9/AbBeIHNfidQ=",
        "owner": "nixos",
        "repo": "nixpkgs",
        "rev": "490f6174c03132bf8f078d0f3a6e5890a47f9b30",
        "type": "github"
      },
      "original": {
        "owner": "nixos",
        "ref": "nixos-22.05",
        "repo": "nixpkgs",
        "type": "github"
      }
    },
    "unstable": {
      "locked": {
        "lastModified": 1660017629,
        "narHash": "sha256-Koz6/k7c6hx4qVz/bboxdR2QsBdkxjRWpNmsOWJtXZE=",
        "owner": "nixos",
        "repo": "nixpkgs",
        "rev": "9f15d6c3a74d2778c6e1af67947c95f100dc6fd2",
        "type": "github"
      },
      "original": {
        "owner": "nixos",
        "ref": "nixpkgs-unstable",
        "repo": "nixpkgs",
        "type": "github"
      }
    },
    "utils": {
      "locked": {
        "lastModified": 1653893745,
        "narHash": "sha256-0jntwV3Z8//YwuOjzhV2sgJJPt+HY6KhU7VZUL0fKZQ=",
        "owner": "numtide",
        "repo": "flake-utils",
        "rev": "1ed9fb1935d260de5fe1c2f7ee0ebaae17ed2fa1",
        "type": "github"
      },
      "original": {
        "owner": "numtide",
        "repo": "flake-utils",
        "type": "github"
      }
    }
  },
  "root": "root",
  "version": 7
}
