name: update-flake-lock

on:
  workflow_dispatch:
  schedule:
    - cron: "0 0 * * 0"

jobs:
  lockfile:
    runs-on: ubuntu-latest
    steps:
      - name: Checkout repository
        uses: actions/checkout@v4
      - name: Install Determinate Nix
        uses: DeterminateSystems/nix-installer-action@main
        with:
          determinate: true
      - name: Update flake.lock
        uses: DeterminateSystems/update-flake-lock@main
        with:
          pr-title: "chore: update flake.lock"
          pr-labels: |
            dependencies
            automated
